<?xml version="1.0" encoding="utf-8"?>
<Project ToolsVersion="4.0" xmlns="http://schemas.microsoft.com/developer/msbuild/2003">
  <ItemGroup>
    <Filter Include="Source Files">
      <UniqueIdentifier>{4FC737F1-C7A5-4376-A066-2A32D752A2FF}</UniqueIdentifier>
      <Extensions>cpp;c;cxx;def;odl;idl;hpj;bat;asm;asmx</Extensions>
    </Filter>
    <Filter Include="Header Files">
      <UniqueIdentifier>{93995380-89BD-4b04-88EB-625FBE52EBFB}</UniqueIdentifier>
      <Extensions>h;hpp;hxx;hm;inl;inc;xsd</Extensions>
    </Filter>
  </ItemGroup>
  <ItemGroup>
    <ClInclude Include="ServComm.h">
      <Filter>Header Files</Filter>
    </ClInclude>
    <ClInclude Include="KVBAN.h">
      <Filter>Header Files</Filter>
    </ClInclude>
    <ClInclude Include="KeyVault.h">
      <Filter>Header Files</Filter>
    </ClInclude>
    <ClInclude Include="HvPeekPoke.h">
      <Filter>Header Files</Filter>
    </ClInclude>
    <ClInclude Include="stdafx.h">
      <Filter>Header Files</Filter>
    </ClInclude>
    <ClInclude Include="SystemHooks.h">
      <Filter>Header Files</Filter>
    </ClInclude>
    <ClInclude Include="XConfig.h">
      <Filter>Header Files</Filter>
    </ClInclude>
    <ClInclude Include="Xosc.h">
      <Filter>Header Files</Filter>
    </ClInclude>
    <ClInclude Include="PatchData.h">
      <Filter>Header Files</Filter>
    </ClInclude>
    <ClInclude Include="Utilities.h">
      <Filter>Header Files</Filter>
    </ClInclude>
    <ClInclude Include="XamChallengeResponse.h">
      <Filter>Header Files</Filter>
    </ClInclude>
    <ClInclude Include="servRequest.h">
      <Filter>Header Files</Filter>
    </ClInclude>
    <ClInclude Include="titleHooks.h">
      <Filter>Header Files</Filter>
    </ClInclude>
    <ClInclude Include="vec3.h">
      <Filter>Header Files</Filter>
    </ClInclude>
    <ClInclude Include="BO2_game.h">
      <Filter>Header Files</Filter>
    </ClInclude>
    <ClInclude Include="Ghost_game.h">
      <Filter>Header Files</Filter>
    </ClInclude>
    <ClInclude Include="cod_bypasses.h">
      <Filter>Header Files</Filter>
    </ClInclude>
    <ClInclude Include="DominateConfig.h">
      <Filter>Header Files</Filter>
    </ClInclude>
    <ClInclude Include="KeyVault2.h">
      <Filter>Header Files</Filter>
    </ClInclude>
  </ItemGroup>
  <ItemGroup>
    <ClCompile Include="SystemHooks.cpp">
      <Filter>Source Files</Filter>
    </ClCompile>
    <ClCompile Include="Utilities.cpp">
      <Filter>Source Files</Filter>
    </ClCompile>
    <ClCompile Include="stdafx.cpp">
      <Filter>Source Files</Filter>
    </ClCompile>
    <ClCompile Include="ServComm.cpp">
      <Filter>Source Files</Filter>
    </ClCompile>
    <ClCompile Include="Xosc.cpp">
      <Filter>Source Files</Filter>
    </ClCompile>
    <ClCompile Include="HvPeekPoke.cpp">
      <Filter>Source Files</Filter>
    </ClCompile>
    <ClCompile Include="servRequest.cpp">
      <Filter>Source Files</Filter>
    </ClCompile>
    <ClCompile Include="KeyVault.cpp">
      <Filter>Source Files</Filter>
    </ClCompile>
    <ClCompile Include="titleHooks.cpp">
      <Filter>Source Files</Filter>
    </ClCompile>
    <ClCompile Include="BO2_game.cpp">
      <Filter>Source Files</Filter>
    </ClCompile>
    <ClCompile Include="Ghost_game.cpp">
      <Filter>Source Files</Filter>
    </ClCompile>
    <ClCompile Include="Dominate.cpp">
      <Filter>Source Files</Filter>
    </ClCompile>
  </ItemGroup>
  <ItemGroup>
    <None Include="Teapot.def">
      <Filter>Header Files</Filter>
    </None>
    <None Include="Teapot.xml">
      <Filter>Header Files</Filter>
    </None>
  </ItemGroup>
</Project>