
Microsoft Visual Studio Solution File, Format Version 12.00
# Visual Studio 15
VisualStudioVersion = 15.0.28307.1758
MinimumVisualStudioVersion = 10.0.40219.1
Project("{FAE04EC0-301F-11D3-BF4B-00C04F79EFBC}") = "LEServer", "LEServer\LEServer.csproj", "{93F285F5-0B8A-48DE-A23C-DE28A684BA9C}"
EndProject
Global
	GlobalSection(SolutionConfigurationPlatforms) = preSolution
		Debug|Any CPU = Debug|Any CPU
		Release|Any CPU = Release|Any CPU
	EndGlobalSection
	GlobalSection(ProjectConfigurationPlatforms) = postSolution
		{93F285F5-0B8A-48DE-A23C-DE28A684BA9C}.Debug|Any CPU.ActiveCfg = Debug|Any CPU
		{93F285F5-0B8A-48DE-A23C-DE28A684BA9C}.Debug|Any CPU.Build.0 = Debug|Any CPU
		{93F285F5-0B8A-48DE-A23C-DE28A684BA9C}.Release|Any CPU.ActiveCfg = Release|Any CPU
		{93F285F5-0B8A-48DE-A23C-DE28A684BA9C}.Release|Any CPU.Build.0 = Release|Any CPU
	EndGlobalSection
	GlobalSection(SolutionProperties) = preSolution
		HideSolutionNode = FALSE
	EndGlobalSection
	GlobalSection(ExtensibilityGlobals) = postSolution
		SolutionGuid = {4B79A592-8301-4019-B02D-96C367399A3D}
	EndGlobalSection
EndGlobal
