
Microsoft Visual Studio Solution File, Format Version 12.00
# Visual Studio 15
VisualStudioVersion = 15.0.27428.2037
MinimumVisualStudioVersion = 10.0.40219.1
Project("{8BC9CEB8-8B4A-11D0-8D11-00A0C91BC942}") = "LEClient", "Module\Module.vcxproj", "{ECA64EB1-3C8D-41C3-9358-EA12E32BE936}"
EndProject
Global
	GlobalSection(SolutionConfigurationPlatforms) = preSolution
		CodeAnalysis|Any CPU = CodeAnalysis|Any CPU
		CodeAnalysis|Mixed Platforms = CodeAnalysis|Mixed Platforms
		CodeAnalysis|x64 = CodeAnalysis|x64
		CodeAnalysis|x86 = CodeAnalysis|x86
		CodeAnalysis|Xbox 360 = CodeAnalysis|Xbox 360
		Debug Retail|Any CPU = Debug Retail|Any CPU
		Debug Retail|Mixed Platforms = Debug Retail|Mixed Platforms
		Debug Retail|x64 = Debug Retail|x64
		Debug Retail|x86 = Debug Retail|x86
		Debug Retail|Xbox 360 = Debug Retail|Xbox 360
		Debug|Any CPU = Debug|Any CPU
		Debug|Mixed Platforms = Debug|Mixed Platforms
		Debug|x64 = Debug|x64
		Debug|x86 = Debug|x86
		Debug|Xbox 360 = Debug|Xbox 360
		DLL-Import Debug|Any CPU = DLL-Import Debug|Any CPU
		DLL-Import Debug|Mixed Platforms = DLL-Import Debug|Mixed Platforms
		DLL-Import Debug|x64 = DLL-Import Debug|x64
		DLL-Import Debug|x86 = DLL-Import Debug|x86
		DLL-Import Debug|Xbox 360 = DLL-Import Debug|Xbox 360
		DLL-Import Release|Any CPU = DLL-Import Release|Any CPU
		DLL-Import Release|Mixed Platforms = DLL-Import Release|Mixed Platforms
		DLL-Import Release|x64 = DLL-Import Release|x64
		DLL-Import Release|x86 = DLL-Import Release|x86
		DLL-Import Release|Xbox 360 = DLL-Import Release|Xbox 360
		Profile_FastCap|Any CPU = Profile_FastCap|Any CPU
		Profile_FastCap|Mixed Platforms = Profile_FastCap|Mixed Platforms
		Profile_FastCap|x64 = Profile_FastCap|x64
		Profile_FastCap|x86 = Profile_FastCap|x86
		Profile_FastCap|Xbox 360 = Profile_FastCap|Xbox 360
		Profile|Any CPU = Profile|Any CPU
		Profile|Mixed Platforms = Profile|Mixed Platforms
		Profile|x64 = Profile|x64
		Profile|x86 = Profile|x86
		Profile|Xbox 360 = Profile|Xbox 360
		Release Devkit|Any CPU = Release Devkit|Any CPU
		Release Devkit|Mixed Platforms = Release Devkit|Mixed Platforms
		Release Devkit|x64 = Release Devkit|x64
		Release Devkit|x86 = Release Devkit|x86
		Release Devkit|Xbox 360 = Release Devkit|Xbox 360
		Release Retail|Any CPU = Release Retail|Any CPU
		Release Retail|Mixed Platforms = Release Retail|Mixed Platforms
		Release Retail|x64 = Release Retail|x64
		Release Retail|x86 = Release Retail|x86
		Release Retail|Xbox 360 = Release Retail|Xbox 360
		Release_LTCG|Any CPU = Release_LTCG|Any CPU
		Release_LTCG|Mixed Platforms = Release_LTCG|Mixed Platforms
		Release_LTCG|x64 = Release_LTCG|x64
		Release_LTCG|x86 = Release_LTCG|x86
		Release_LTCG|Xbox 360 = Release_LTCG|Xbox 360
		Release|Any CPU = Release|Any CPU
		Release|Mixed Platforms = Release|Mixed Platforms
		Release|x64 = Release|x64
		Release|x86 = Release|x86
		Release|Xbox 360 = Release|Xbox 360
		Release21256.0|Any CPU = Release21256.0|Any CPU
		Release21256.0|Mixed Platforms = Release21256.0|Mixed Platforms
		Release21256.0|x64 = Release21256.0|x64
		Release21256.0|x86 = Release21256.0|x86
		Release21256.0|Xbox 360 = Release21256.0|Xbox 360
	EndGlobalSection
	GlobalSection(ProjectConfigurationPlatforms) = postSolution
		{ECA64EB1-3C8D-41C3-9358-EA12E32BE936}.CodeAnalysis|Any CPU.ActiveCfg = CodeAnalysis|Xbox 360
		{ECA64EB1-3C8D-41C3-9358-EA12E32BE936}.CodeAnalysis|Mixed Platforms.ActiveCfg = CodeAnalysis|Xbox 360
		{ECA64EB1-3C8D-41C3-9358-EA12E32BE936}.CodeAnalysis|Mixed Platforms.Build.0 = CodeAnalysis|Xbox 360
		{ECA64EB1-3C8D-41C3-9358-EA12E32BE936}.CodeAnalysis|x64.ActiveCfg = CodeAnalysis|Xbox 360
		{ECA64EB1-3C8D-41C3-9358-EA12E32BE936}.CodeAnalysis|x86.ActiveCfg = CodeAnalysis|Xbox 360
		{ECA64EB1-3C8D-41C3-9358-EA12E32BE936}.CodeAnalysis|Xbox 360.ActiveCfg = CodeAnalysis|Xbox 360
		{ECA64EB1-3C8D-41C3-9358-EA12E32BE936}.CodeAnalysis|Xbox 360.Build.0 = CodeAnalysis|Xbox 360
		{ECA64EB1-3C8D-41C3-9358-EA12E32BE936}.Debug Retail|Any CPU.ActiveCfg = Profile|Xbox 360
		{ECA64EB1-3C8D-41C3-9358-EA12E32BE936}.Debug Retail|Any CPU.Build.0 = Profile|Xbox 360
		{ECA64EB1-3C8D-41C3-9358-EA12E32BE936}.Debug Retail|Mixed Platforms.ActiveCfg = Debug|Xbox 360
		{ECA64EB1-3C8D-41C3-9358-EA12E32BE936}.Debug Retail|Mixed Platforms.Build.0 = Debug|Xbox 360
		{ECA64EB1-3C8D-41C3-9358-EA12E32BE936}.Debug Retail|x64.ActiveCfg = Release|Xbox 360
		{ECA64EB1-3C8D-41C3-9358-EA12E32BE936}.Debug Retail|x64.Build.0 = Release|Xbox 360
		{ECA64EB1-3C8D-41C3-9358-EA12E32BE936}.Debug Retail|x64.Deploy.0 = Release|Xbox 360
		{ECA64EB1-3C8D-41C3-9358-EA12E32BE936}.Debug Retail|x86.ActiveCfg = Release|Xbox 360
		{ECA64EB1-3C8D-41C3-9358-EA12E32BE936}.Debug Retail|x86.Build.0 = Release|Xbox 360
		{ECA64EB1-3C8D-41C3-9358-EA12E32BE936}.Debug Retail|x86.Deploy.0 = Release|Xbox 360
		{ECA64EB1-3C8D-41C3-9358-EA12E32BE936}.Debug Retail|Xbox 360.ActiveCfg = Debug|Xbox 360
		{ECA64EB1-3C8D-41C3-9358-EA12E32BE936}.Debug Retail|Xbox 360.Build.0 = Debug|Xbox 360
		{ECA64EB1-3C8D-41C3-9358-EA12E32BE936}.Debug|Any CPU.ActiveCfg = Debug|Xbox 360
		{ECA64EB1-3C8D-41C3-9358-EA12E32BE936}.Debug|Mixed Platforms.ActiveCfg = Debug|Xbox 360
		{ECA64EB1-3C8D-41C3-9358-EA12E32BE936}.Debug|Mixed Platforms.Build.0 = Debug|Xbox 360
		{ECA64EB1-3C8D-41C3-9358-EA12E32BE936}.Debug|x64.ActiveCfg = Debug|Xbox 360
		{ECA64EB1-3C8D-41C3-9358-EA12E32BE936}.Debug|x86.ActiveCfg = Debug|Xbox 360
		{ECA64EB1-3C8D-41C3-9358-EA12E32BE936}.Debug|Xbox 360.ActiveCfg = Debug|Xbox 360
		{ECA64EB1-3C8D-41C3-9358-EA12E32BE936}.Debug|Xbox 360.Build.0 = Debug|Xbox 360
		{ECA64EB1-3C8D-41C3-9358-EA12E32BE936}.DLL-Import Debug|Any CPU.ActiveCfg = Release_LTCG|Xbox 360
		{ECA64EB1-3C8D-41C3-9358-EA12E32BE936}.DLL-Import Debug|Any CPU.Build.0 = Release_LTCG|Xbox 360
		{ECA64EB1-3C8D-41C3-9358-EA12E32BE936}.DLL-Import Debug|Any CPU.Deploy.0 = Release_LTCG|Xbox 360
		{ECA64EB1-3C8D-41C3-9358-EA12E32BE936}.DLL-Import Debug|Mixed Platforms.ActiveCfg = Debug|Xbox 360
		{ECA64EB1-3C8D-41C3-9358-EA12E32BE936}.DLL-Import Debug|Mixed Platforms.Build.0 = Debug|Xbox 360
		{ECA64EB1-3C8D-41C3-9358-EA12E32BE936}.DLL-Import Debug|Mixed Platforms.Deploy.0 = Debug|Xbox 360
		{ECA64EB1-3C8D-41C3-9358-EA12E32BE936}.DLL-Import Debug|x64.ActiveCfg = Release_LTCG|Xbox 360
		{ECA64EB1-3C8D-41C3-9358-EA12E32BE936}.DLL-Import Debug|x64.Build.0 = Release_LTCG|Xbox 360
		{ECA64EB1-3C8D-41C3-9358-EA12E32BE936}.DLL-Import Debug|x64.Deploy.0 = Release_LTCG|Xbox 360
		{ECA64EB1-3C8D-41C3-9358-EA12E32BE936}.DLL-Import Debug|x86.ActiveCfg = Release_LTCG|Xbox 360
		{ECA64EB1-3C8D-41C3-9358-EA12E32BE936}.DLL-Import Debug|x86.Build.0 = Release_LTCG|Xbox 360
		{ECA64EB1-3C8D-41C3-9358-EA12E32BE936}.DLL-Import Debug|x86.Deploy.0 = Release_LTCG|Xbox 360
		{ECA64EB1-3C8D-41C3-9358-EA12E32BE936}.DLL-Import Debug|Xbox 360.ActiveCfg = Debug|Xbox 360
		{ECA64EB1-3C8D-41C3-9358-EA12E32BE936}.DLL-Import Debug|Xbox 360.Build.0 = Debug|Xbox 360
		{ECA64EB1-3C8D-41C3-9358-EA12E32BE936}.DLL-Import Debug|Xbox 360.Deploy.0 = Debug|Xbox 360
		{ECA64EB1-3C8D-41C3-9358-EA12E32BE936}.DLL-Import Release|Any CPU.ActiveCfg = Release_LTCG|Xbox 360
		{ECA64EB1-3C8D-41C3-9358-EA12E32BE936}.DLL-Import Release|Any CPU.Build.0 = Release_LTCG|Xbox 360
		{ECA64EB1-3C8D-41C3-9358-EA12E32BE936}.DLL-Import Release|Any CPU.Deploy.0 = Release_LTCG|Xbox 360
		{ECA64EB1-3C8D-41C3-9358-EA12E32BE936}.DLL-Import Release|Mixed Platforms.ActiveCfg = Release|Xbox 360
		{ECA64EB1-3C8D-41C3-9358-EA12E32BE936}.DLL-Import Release|Mixed Platforms.Build.0 = Release|Xbox 360
		{ECA64EB1-3C8D-41C3-9358-EA12E32BE936}.DLL-Import Release|Mixed Platforms.Deploy.0 = Release|Xbox 360
		{ECA64EB1-3C8D-41C3-9358-EA12E32BE936}.DLL-Import Release|x64.ActiveCfg = Release_LTCG|Xbox 360
		{ECA64EB1-3C8D-41C3-9358-EA12E32BE936}.DLL-Import Release|x64.Build.0 = Release_LTCG|Xbox 360
		{ECA64EB1-3C8D-41C3-9358-EA12E32BE936}.DLL-Import Release|x64.Deploy.0 = Release_LTCG|Xbox 360
		{ECA64EB1-3C8D-41C3-9358-EA12E32BE936}.DLL-Import Release|x86.ActiveCfg = Release_LTCG|Xbox 360
		{ECA64EB1-3C8D-41C3-9358-EA12E32BE936}.DLL-Import Release|x86.Build.0 = Release_LTCG|Xbox 360
		{ECA64EB1-3C8D-41C3-9358-EA12E32BE936}.DLL-Import Release|x86.Deploy.0 = Release_LTCG|Xbox 360
		{ECA64EB1-3C8D-41C3-9358-EA12E32BE936}.DLL-Import Release|Xbox 360.ActiveCfg = Release|Xbox 360
		{ECA64EB1-3C8D-41C3-9358-EA12E32BE936}.DLL-Import Release|Xbox 360.Build.0 = Release|Xbox 360
		{ECA64EB1-3C8D-41C3-9358-EA12E32BE936}.DLL-Import Release|Xbox 360.Deploy.0 = Release|Xbox 360
		{ECA64EB1-3C8D-41C3-9358-EA12E32BE936}.Profile_FastCap|Any CPU.ActiveCfg = Profile_FastCap|Xbox 360
		{ECA64EB1-3C8D-41C3-9358-EA12E32BE936}.Profile_FastCap|Mixed Platforms.ActiveCfg = Profile_FastCap|Xbox 360
		{ECA64EB1-3C8D-41C3-9358-EA12E32BE936}.Profile_FastCap|Mixed Platforms.Build.0 = Profile_FastCap|Xbox 360
		{ECA64EB1-3C8D-41C3-9358-EA12E32BE936}.Profile_FastCap|x64.ActiveCfg = Profile_FastCap|Xbox 360
		{ECA64EB1-3C8D-41C3-9358-EA12E32BE936}.Profile_FastCap|x86.ActiveCfg = Profile_FastCap|Xbox 360
		{ECA64EB1-3C8D-41C3-9358-EA12E32BE936}.Profile_FastCap|Xbox 360.ActiveCfg = Profile_FastCap|Xbox 360
		{ECA64EB1-3C8D-41C3-9358-EA12E32BE936}.Profile_FastCap|Xbox 360.Build.0 = Profile_FastCap|Xbox 360
		{ECA64EB1-3C8D-41C3-9358-EA12E32BE936}.Profile|Any CPU.ActiveCfg = Profile|Xbox 360
		{ECA64EB1-3C8D-41C3-9358-EA12E32BE936}.Profile|Mixed Platforms.ActiveCfg = Profile|Xbox 360
		{ECA64EB1-3C8D-41C3-9358-EA12E32BE936}.Profile|Mixed Platforms.Build.0 = Profile|Xbox 360
		{ECA64EB1-3C8D-41C3-9358-EA12E32BE936}.Profile|x64.ActiveCfg = Profile|Xbox 360
		{ECA64EB1-3C8D-41C3-9358-EA12E32BE936}.Profile|x86.ActiveCfg = Profile|Xbox 360
		{ECA64EB1-3C8D-41C3-9358-EA12E32BE936}.Profile|Xbox 360.ActiveCfg = Profile|Xbox 360
		{ECA64EB1-3C8D-41C3-9358-EA12E32BE936}.Profile|Xbox 360.Build.0 = Profile|Xbox 360
		{ECA64EB1-3C8D-41C3-9358-EA12E32BE936}.Release Devkit|Any CPU.ActiveCfg = Profile|Xbox 360
		{ECA64EB1-3C8D-41C3-9358-EA12E32BE936}.Release Devkit|Any CPU.Build.0 = Profile|Xbox 360
		{ECA64EB1-3C8D-41C3-9358-EA12E32BE936}.Release Devkit|Mixed Platforms.ActiveCfg = Release_LTCG|Xbox 360
		{ECA64EB1-3C8D-41C3-9358-EA12E32BE936}.Release Devkit|Mixed Platforms.Build.0 = Release_LTCG|Xbox 360
		{ECA64EB1-3C8D-41C3-9358-EA12E32BE936}.Release Devkit|x64.ActiveCfg = Release|Xbox 360
		{ECA64EB1-3C8D-41C3-9358-EA12E32BE936}.Release Devkit|x64.Build.0 = Release|Xbox 360
		{ECA64EB1-3C8D-41C3-9358-EA12E32BE936}.Release Devkit|x64.Deploy.0 = Release|Xbox 360
		{ECA64EB1-3C8D-41C3-9358-EA12E32BE936}.Release Devkit|x86.ActiveCfg = Release|Xbox 360
		{ECA64EB1-3C8D-41C3-9358-EA12E32BE936}.Release Devkit|x86.Build.0 = Release|Xbox 360
		{ECA64EB1-3C8D-41C3-9358-EA12E32BE936}.Release Devkit|x86.Deploy.0 = Release|Xbox 360
		{ECA64EB1-3C8D-41C3-9358-EA12E32BE936}.Release Devkit|Xbox 360.ActiveCfg = Release_LTCG|Xbox 360
		{ECA64EB1-3C8D-41C3-9358-EA12E32BE936}.Release Devkit|Xbox 360.Build.0 = Release_LTCG|Xbox 360
		{ECA64EB1-3C8D-41C3-9358-EA12E32BE936}.Release Retail|Any CPU.ActiveCfg = Profile|Xbox 360
		{ECA64EB1-3C8D-41C3-9358-EA12E32BE936}.Release Retail|Any CPU.Build.0 = Profile|Xbox 360
		{ECA64EB1-3C8D-41C3-9358-EA12E32BE936}.Release Retail|Mixed Platforms.ActiveCfg = Release_LTCG|Xbox 360
		{ECA64EB1-3C8D-41C3-9358-EA12E32BE936}.Release Retail|Mixed Platforms.Build.0 = Release_LTCG|Xbox 360
		{ECA64EB1-3C8D-41C3-9358-EA12E32BE936}.Release Retail|x64.ActiveCfg = Release|Xbox 360
		{ECA64EB1-3C8D-41C3-9358-EA12E32BE936}.Release Retail|x64.Build.0 = Release|Xbox 360
		{ECA64EB1-3C8D-41C3-9358-EA12E32BE936}.Release Retail|x64.Deploy.0 = Release|Xbox 360
		{ECA64EB1-3C8D-41C3-9358-EA12E32BE936}.Release Retail|x86.ActiveCfg = Release|Xbox 360
		{ECA64EB1-3C8D-41C3-9358-EA12E32BE936}.Release Retail|x86.Build.0 = Release|Xbox 360
		{ECA64EB1-3C8D-41C3-9358-EA12E32BE936}.Release Retail|x86.Deploy.0 = Release|Xbox 360
		{ECA64EB1-3C8D-41C3-9358-EA12E32BE936}.Release Retail|Xbox 360.ActiveCfg = Release_LTCG|Xbox 360
		{ECA64EB1-3C8D-41C3-9358-EA12E32BE936}.Release Retail|Xbox 360.Build.0 = Release_LTCG|Xbox 360
		{ECA64EB1-3C8D-41C3-9358-EA12E32BE936}.Release_LTCG|Any CPU.ActiveCfg = Release_LTCG|Xbox 360
		{ECA64EB1-3C8D-41C3-9358-EA12E32BE936}.Release_LTCG|Mixed Platforms.ActiveCfg = Release_LTCG|Xbox 360
		{ECA64EB1-3C8D-41C3-9358-EA12E32BE936}.Release_LTCG|Mixed Platforms.Build.0 = Release_LTCG|Xbox 360
		{ECA64EB1-3C8D-41C3-9358-EA12E32BE936}.Release_LTCG|x64.ActiveCfg = Release_LTCG|Xbox 360
		{ECA64EB1-3C8D-41C3-9358-EA12E32BE936}.Release_LTCG|x86.ActiveCfg = Release_LTCG|Xbox 360
		{ECA64EB1-3C8D-41C3-9358-EA12E32BE936}.Release_LTCG|Xbox 360.ActiveCfg = Release_LTCG|Xbox 360
		{ECA64EB1-3C8D-41C3-9358-EA12E32BE936}.Release_LTCG|Xbox 360.Build.0 = Release_LTCG|Xbox 360
		{ECA64EB1-3C8D-41C3-9358-EA12E32BE936}.Release|Any CPU.ActiveCfg = Release|Xbox 360
		{ECA64EB1-3C8D-41C3-9358-EA12E32BE936}.Release|Mixed Platforms.ActiveCfg = Release|Xbox 360
		{ECA64EB1-3C8D-41C3-9358-EA12E32BE936}.Release|Mixed Platforms.Build.0 = Release|Xbox 360
		{ECA64EB1-3C8D-41C3-9358-EA12E32BE936}.Release|x64.ActiveCfg = Release|Xbox 360
		{ECA64EB1-3C8D-41C3-9358-EA12E32BE936}.Release|x86.ActiveCfg = Release|Xbox 360
		{ECA64EB1-3C8D-41C3-9358-EA12E32BE936}.Release|Xbox 360.ActiveCfg = Release|Xbox 360
		{ECA64EB1-3C8D-41C3-9358-EA12E32BE936}.Release|Xbox 360.Build.0 = Release|Xbox 360
		{ECA64EB1-3C8D-41C3-9358-EA12E32BE936}.Release21256.0|Any CPU.ActiveCfg = Profile|Xbox 360
		{ECA64EB1-3C8D-41C3-9358-EA12E32BE936}.Release21256.0|Any CPU.Build.0 = Profile|Xbox 360
		{ECA64EB1-3C8D-41C3-9358-EA12E32BE936}.Release21256.0|Mixed Platforms.ActiveCfg = Release_LTCG|Xbox 360
		{ECA64EB1-3C8D-41C3-9358-EA12E32BE936}.Release21256.0|Mixed Platforms.Build.0 = Release_LTCG|Xbox 360
		{ECA64EB1-3C8D-41C3-9358-EA12E32BE936}.Release21256.0|x64.ActiveCfg = Release|Xbox 360
		{ECA64EB1-3C8D-41C3-9358-EA12E32BE936}.Release21256.0|x64.Build.0 = Release|Xbox 360
		{ECA64EB1-3C8D-41C3-9358-EA12E32BE936}.Release21256.0|x64.Deploy.0 = Release|Xbox 360
		{ECA64EB1-3C8D-41C3-9358-EA12E32BE936}.Release21256.0|x86.ActiveCfg = Release|Xbox 360
		{ECA64EB1-3C8D-41C3-9358-EA12E32BE936}.Release21256.0|x86.Build.0 = Release|Xbox 360
		{ECA64EB1-3C8D-41C3-9358-EA12E32BE936}.Release21256.0|x86.Deploy.0 = Release|Xbox 360
		{ECA64EB1-3C8D-41C3-9358-EA12E32BE936}.Release21256.0|Xbox 360.ActiveCfg = Release_LTCG|Xbox 360
		{ECA64EB1-3C8D-41C3-9358-EA12E32BE936}.Release21256.0|Xbox 360.Build.0 = Release_LTCG|Xbox 360
	EndGlobalSection
	GlobalSection(SolutionProperties) = preSolution
		HideSolutionNode = FALSE
	EndGlobalSection
	GlobalSection(ExtensibilityGlobals) = postSolution
		SolutionGuid = {CA56A039-76BD-45EB-B98E-AA8DDACBF047}
	EndGlobalSection
EndGlobal
